
Microsoft Visual Studio Solution File, Format Version 12.00
# Visual Studio Version 16
VisualStudioVersion = 16.0.28922.388
MinimumVisualStudioVersion = 10.0.40219.1
Project("{FAE04EC0-301F-11D3-BF4B-00C04F79EFBC}") = "Selenium Grid", "Selenium Grid\Selenium Grid.csproj", "{542E0698-F6B9-4EB5-A251-01381C2C4870}"
EndProject
Global
	GlobalSection(SolutionConfigurationPlatforms) = preSolution
		Debug|Any CPU = Debug|Any CPU
		Release|Any CPU = Release|Any CPU
	EndGlobalSection
	GlobalSection(ProjectConfigurationPlatforms) = postSolution
		{542E0698-F6B9-4EB5-A251-01381C2C4870}.Debug|Any CPU.ActiveCfg = Debug|Any CPU
		{542E0698-F6B9-4EB5-A251-01381C2C4870}.Debug|Any CPU.Build.0 = Debug|Any CPU
		{542E0698-F6B9-4EB5-A251-01381C2C4870}.Release|Any CPU.ActiveCfg = Release|Any CPU
		{542E0698-F6B9-4EB5-A251-01381C2C4870}.Release|Any CPU.Build.0 = Release|Any CPU
	EndGlobalSection
	GlobalSection(SolutionProperties) = preSolution
		HideSolutionNode = FALSE
	EndGlobalSection
	GlobalSection(ExtensibilityGlobals) = postSolution
		SolutionGuid = {E09F3E54-CCAD-411D-9005-961F9C261B88}
	EndGlobalSection
EndGlobal
